
Microsoft Visual Studio Solution File, Format Version 12.00
# Visual Studio Version 16
VisualStudioVersion = 16.0.33328.57
MinimumVisualStudioVersion = 10.0.40219.1
Project("{FAE04EC0-301F-11D3-BF4B-00C04F79EFBC}") = "StudentSystem", "StudentSystem.csproj", "{2A0F18AD-D6B8-4A0A-870F-DE5FCD5DD71E}"
EndProject
Global
	GlobalSection(SolutionConfigurationPlatforms) = preSolution
		Debug|Any CPU = Debug|Any CPU
		Release|Any CPU = Release|Any CPU
	EndGlobalSection
	GlobalSection(ProjectConfigurationPlatforms) = postSolution
		{2A0F18AD-D6B8-4A0A-870F-DE5FCD5DD71E}.Debug|Any CPU.ActiveCfg = Debug|Any CPU
		{2A0F18AD-D6B8-4A0A-870F-DE5FCD5DD71E}.Debug|Any CPU.Build.0 = Debug|Any CPU
		{2A0F18AD-D6B8-4A0A-870F-DE5FCD5DD71E}.Release|Any CPU.ActiveCfg = Release|Any CPU
		{2A0F18AD-D6B8-4A0A-870F-DE5FCD5DD71E}.Release|Any CPU.Build.0 = Release|Any CPU
	EndGlobalSection
	GlobalSection(SolutionProperties) = preSolution
		HideSolutionNode = FALSE
	EndGlobalSection
	GlobalSection(ExtensibilityGlobals) = postSolution
		SolutionGuid = {7A45AA0E-837B-425B-B112-8AD2031C69C2}
	EndGlobalSection
EndGlobal
